{
  "nodes": {
    "nixpkgs": {
      "locked": {
        "lastModified": 1730852554,
        "narHash": "sha256-4zXRx7j0oYFapAaURLGTzl4pDubqKhbNCeTV2Jj3njk=",
        "owner": "NixOS",
        "repo": "nixpkgs",
        "rev": "3f1ae27cc56a7535a494dbd47ef97e4fb3102762",
        "type": "github"
      },
      "original": {
        "owner": "NixOS",
        "repo": "nixpkgs",
        "type": "github"
      }
    },
    "root": {
      "inputs": {
        "nixpkgs": "nixpkgs"
      }
    }
  },
  "root": "root",
  "version": 7
}
